
Microsoft Visual Studio Solution File, Format Version 12.00
# Visual Studio Version 17
VisualStudioVersion = 17.7.34202.233
MinimumVisualStudioVersion = 10.0.40219.1
Project("{FAE04EC0-301F-11D3-BF4B-00C04F79EFBC}") = "in tam giac deu rong canh n", "in tam giac deu rong canh n\in tam giac deu rong canh n.csproj", "{7AEFCF8E-E832-4CF4-BF81-23EACDAE7210}"
EndProject
Global
	GlobalSection(SolutionConfigurationPlatforms) = preSolution
		Debug|Any CPU = Debug|Any CPU
		Release|Any CPU = Release|Any CPU
	EndGlobalSection
	GlobalSection(ProjectConfigurationPlatforms) = postSolution
		{7AEFCF8E-E832-4CF4-BF81-23EACDAE7210}.Debug|Any CPU.ActiveCfg = Debug|Any CPU
		{7AEFCF8E-E832-4CF4-BF81-23EACDAE7210}.Debug|Any CPU.Build.0 = Debug|Any CPU
		{7AEFCF8E-E832-4CF4-BF81-23EACDAE7210}.Release|Any CPU.ActiveCfg = Release|Any CPU
		{7AEFCF8E-E832-4CF4-BF81-23EACDAE7210}.Release|Any CPU.Build.0 = Release|Any CPU
	EndGlobalSection
	GlobalSection(SolutionProperties) = preSolution
		HideSolutionNode = FALSE
	EndGlobalSection
	GlobalSection(ExtensibilityGlobals) = postSolution
		SolutionGuid = {D1D73CCB-8949-4D09-9753-8F36789BB054}
	EndGlobalSection
EndGlobal
