
Microsoft Visual Studio Solution File, Format Version 12.00
# Visual Studio Version 17
VisualStudioVersion = 17.7.34202.233
MinimumVisualStudioVersion = 10.0.40219.1
Project("{9A19103F-16F7-4668-BE54-9A1E7A4F7556}") = "ConsoleApp7", "ConsoleApp7\ConsoleApp7.csproj", "{C1FA4C23-09C2-4247-8A9B-43C04B6EDCCE}"
EndProject
Global
	GlobalSection(SolutionConfigurationPlatforms) = preSolution
		Debug|Any CPU = Debug|Any CPU
		Release|Any CPU = Release|Any CPU
	EndGlobalSection
	GlobalSection(ProjectConfigurationPlatforms) = postSolution
		{C1FA4C23-09C2-4247-8A9B-43C04B6EDCCE}.Debug|Any CPU.ActiveCfg = Debug|Any CPU
		{C1FA4C23-09C2-4247-8A9B-43C04B6EDCCE}.Debug|Any CPU.Build.0 = Debug|Any CPU
		{C1FA4C23-09C2-4247-8A9B-43C04B6EDCCE}.Release|Any CPU.ActiveCfg = Release|Any CPU
		{C1FA4C23-09C2-4247-8A9B-43C04B6EDCCE}.Release|Any CPU.Build.0 = Release|Any CPU
	EndGlobalSection
	GlobalSection(SolutionProperties) = preSolution
		HideSolutionNode = FALSE
	EndGlobalSection
	GlobalSection(ExtensibilityGlobals) = postSolution
		SolutionGuid = {44DD7EEE-72D4-4A6B-B44B-FF302AC54522}
	EndGlobalSection
EndGlobal
